
Microsoft Visual Studio Solution File, Format Version 12.00
# Visual Studio Version 17
VisualStudioVersion = 17.0.31903.59
MinimumVisualStudioVersion = 10.0.40219.1
Project("{FAE04EC0-301F-11D3-BF4B-00C04F79EFBC}") = "OrderMatcher.Api", "OrderMatcher.Api\OrderMatcher.Api.csproj", "{CE04DE70-B290-40AA-BCD7-A245E7ECA700}"
EndProject
Project("{FAE04EC0-301F-11D3-BF4B-00C04F79EFBC}") = "OrderMatcher.Tests", "OrderMatcher.Tests\OrderMatcher.Tests.csproj", "{8BFF028D-B306-4477-8F01-D505F4909803}"
EndProject
Global
	GlobalSection(SolutionConfigurationPlatforms) = preSolution
		Debug|Any CPU = Debug|Any CPU
		Release|Any CPU = Release|Any CPU
	EndGlobalSection
	GlobalSection(SolutionProperties) = preSolution
		HideSolutionNode = FALSE
	EndGlobalSection
	GlobalSection(ProjectConfigurationPlatforms) = postSolution
		{CE04DE70-B290-40AA-BCD7-A245E7ECA700}.Debug|Any CPU.ActiveCfg = Debug|Any CPU
		{CE04DE70-B290-40AA-BCD7-A245E7ECA700}.Debug|Any CPU.Build.0 = Debug|Any CPU
		{CE04DE70-B290-40AA-BCD7-A245E7ECA700}.Release|Any CPU.ActiveCfg = Release|Any CPU
		{CE04DE70-B290-40AA-BCD7-A245E7ECA700}.Release|Any CPU.Build.0 = Release|Any CPU
		{8BFF028D-B306-4477-8F01-D505F4909803}.Debug|Any CPU.ActiveCfg = Debug|Any CPU
		{8BFF028D-B306-4477-8F01-D505F4909803}.Debug|Any CPU.Build.0 = Debug|Any CPU
		{8BFF028D-B306-4477-8F01-D505F4909803}.Release|Any CPU.ActiveCfg = Release|Any CPU
		{8BFF028D-B306-4477-8F01-D505F4909803}.Release|Any CPU.Build.0 = Release|Any CPU
	EndGlobalSection
EndGlobal
